
Microsoft Visual Studio Solution File, Format Version 12.00
# Visual Studio Version 16
VisualStudioVersion = 16.0.31019.35
MinimumVisualStudioVersion = 10.0.40219.1
Project("{FAE04EC0-301F-11D3-BF4B-00C04F79EFBC}") = "Checkerboard", "Checkerboard\Checkerboard.csproj", "{3AF1AE5D-825A-44A9-B3BD-F499E54D9244}"
EndProject
Global
	GlobalSection(SolutionConfigurationPlatforms) = preSolution
		Debug|Any CPU = Debug|Any CPU
		Release|Any CPU = Release|Any CPU
	EndGlobalSection
	GlobalSection(ProjectConfigurationPlatforms) = postSolution
		{3AF1AE5D-825A-44A9-B3BD-F499E54D9244}.Debug|Any CPU.ActiveCfg = Debug|Any CPU
		{3AF1AE5D-825A-44A9-B3BD-F499E54D9244}.Debug|Any CPU.Build.0 = Debug|Any CPU
		{3AF1AE5D-825A-44A9-B3BD-F499E54D9244}.Release|Any CPU.ActiveCfg = Release|Any CPU
		{3AF1AE5D-825A-44A9-B3BD-F499E54D9244}.Release|Any CPU.Build.0 = Release|Any CPU
	EndGlobalSection
	GlobalSection(SolutionProperties) = preSolution
		HideSolutionNode = FALSE
	EndGlobalSection
	GlobalSection(ExtensibilityGlobals) = postSolution
		SolutionGuid = {5930D7E6-2CB0-426C-9486-EC55E67FABF2}
	EndGlobalSection
EndGlobal
